# THIS IS AN AUTOGENERATED FILE. DO NOT EDIT THIS FILE DIRECTLY.
# yarn lockfile v1


"@ffmpeg-installer/darwin-arm64@4.1.5":
  version "4.1.5"
  resolved "https://registry.yarnpkg.com/@ffmpeg-installer/darwin-arm64/-/darwin-arm64-4.1.5.tgz#b7b5c262dd96d1aea4807514e1cdcf6e11f82743"
  integrity sha512-hYqTiP63mXz7wSQfuqfFwfLOfwwFChUedeCVKkBtl/cliaTM7/ePI9bVzfZ2c+dWu3TqCwLDRWNSJ5pqZl8otA==

"@ffmpeg-installer/darwin-x64@4.1.0":
  version "4.1.0"
  resolved "https://registry.yarnpkg.com/@ffmpeg-installer/darwin-x64/-/darwin-x64-4.1.0.tgz#48e1706c690e628148482bfb64acb67472089aaa"
  integrity sha512-Z4EyG3cIFjdhlY8wI9aLUXuH8nVt7E9SlMVZtWvSPnm2sm37/yC2CwjUzyCQbJbySnef1tQwGG2Sx+uWhd9IAw==

"@ffmpeg-installer/ffmpeg@^1.1.0":
  version "1.1.0"
  resolved "https://registry.yarnpkg.com/@ffmpeg-installer/ffmpeg/-/ffmpeg-1.1.0.tgz#87fdb9e7d180e8d78f7903f9441e36f978938a90"
  integrity sha512-Uq4rmwkdGxIa9A6Bd/VqqYbT7zqh1GrT5/rFwCwKM70b42W5gIjWeVETq6SdcL0zXqDtY081Ws/iJWhr1+xvQg==
  optionalDependencies:
    "@ffmpeg-installer/darwin-arm64" "4.1.5"
    "@ffmpeg-installer/darwin-x64" "4.1.0"
    "@ffmpeg-installer/linux-arm" "4.1.3"
    "@ffmpeg-installer/linux-arm64" "4.1.4"
    "@ffmpeg-installer/linux-ia32" "4.1.0"
    "@ffmpeg-installer/linux-x64" "4.1.0"
    "@ffmpeg-installer/win32-ia32" "4.1.0"
    "@ffmpeg-installer/win32-x64" "4.1.0"

"@ffmpeg-installer/linux-arm64@4.1.4":
  version "4.1.4"
  resolved "https://registry.yarnpkg.com/@ffmpeg-installer/linux-arm64/-/linux-arm64-4.1.4.tgz#7219f3f901bb67f7926cb060b56b6974a6cad29f"
  integrity sha512-dljEqAOD0oIM6O6DxBW9US/FkvqvQwgJ2lGHOwHDDwu/pX8+V0YsDL1xqHbj1DMX/+nP9rxw7G7gcUvGspSoKg==

"@ffmpeg-installer/linux-arm@4.1.3":
  version "4.1.3"
  resolved "https://registry.yarnpkg.com/@ffmpeg-installer/linux-arm/-/linux-arm-4.1.3.tgz#c554f105ed5f10475ec25d7bec94926ce18db4c1"
  integrity sha512-NDf5V6l8AfzZ8WzUGZ5mV8O/xMzRag2ETR6+TlGIsMHp81agx51cqpPItXPib/nAZYmo55Bl2L6/WOMI3A5YRg==

"@ffmpeg-installer/linux-ia32@4.1.0":
  version "4.1.0"
  resolved "https://registry.yarnpkg.com/@ffmpeg-installer/linux-ia32/-/linux-ia32-4.1.0.tgz#adad70b0d0d9d8d813983d6e683c5a338a75e442"
  integrity sha512-0LWyFQnPf+Ij9GQGD034hS6A90URNu9HCtQ5cTqo5MxOEc7Rd8gLXrJvn++UmxhU0J5RyRE9KRYstdCVUjkNOQ==

"@ffmpeg-installer/linux-x64@4.1.0":
  version "4.1.0"
  resolved "https://registry.yarnpkg.com/@ffmpeg-installer/linux-x64/-/linux-x64-4.1.0.tgz#b4a5d89c4e12e6d9306dbcdc573df716ec1c4323"
  integrity sha512-Y5BWhGLU/WpQjOArNIgXD3z5mxxdV8c41C+U15nsE5yF8tVcdCGet5zPs5Zy3Ta6bU7haGpIzryutqCGQA/W8A==

"@ffmpeg-installer/win32-ia32@4.1.0":
  version "4.1.0"
  resolved "https://registry.yarnpkg.com/@ffmpeg-installer/win32-ia32/-/win32-ia32-4.1.0.tgz#6eac4fb691b64c02e7a116c1e2d167f3e9b40638"
  integrity sha512-FV2D7RlaZv/lrtdhaQ4oETwoFUsUjlUiasiZLDxhEUPdNDWcH1OU9K1xTvqz+OXLdsmYelUDuBS/zkMOTtlUAw==

"@ffmpeg-installer/win32-x64@4.1.0":
  version "4.1.0"
  resolved "https://registry.yarnpkg.com/@ffmpeg-installer/win32-x64/-/win32-x64-4.1.0.tgz#17e8699b5798d4c60e36e2d6326a8ebe5e95a2c5"
  integrity sha512-Drt5u2vzDnIONf4ZEkKtFlbvwj6rI3kxw1Ck9fpudmtgaZIHD4ucsWB2lCZBXRxJgXR+2IMSti+4rtM4C4rXgg==

"@ffprobe-installer/darwin-arm64@5.0.1":
  version "5.0.1"
  resolved "https://registry.yarnpkg.com/@ffprobe-installer/darwin-arm64/-/darwin-arm64-5.0.1.tgz#a020a623955d55aa8daf45cb668c3044876b553b"
  integrity sha512-vwNCNjokH8hfkbl6m95zICHwkSzhEvDC3GVBcUp5HX8+4wsX10SP3B+bGur7XUzTIZ4cQpgJmEIAx6TUwRepMg==

"@ffprobe-installer/darwin-x64@5.0.0":
  version "5.0.0"
  resolved "https://registry.yarnpkg.com/@ffprobe-installer/darwin-x64/-/darwin-x64-5.0.0.tgz#66116b642cb1759939f4f4b3b18b0aea5d7814b0"
  integrity sha512-Zl0UkZ+wW/eyMKBPLTUCcNQch2VDnZz/cBn1DXv3YtCBVbYd9aYzGj4MImdxgWcoE0+GpbfbO6mKGwMq5HCm6A==

"@ffprobe-installer/ffprobe@^1.4.1":
  version "1.4.1"
  resolved "https://registry.yarnpkg.com/@ffprobe-installer/ffprobe/-/ffprobe-1.4.1.tgz#64e46bb21580e3383b86ec79606222117acfac90"
  integrity sha512-3WJvxU0f4d7IOZdzoVCAj9fYtiQNC6E0521FJFe9iP5Ej8auTXU7TsrUzIAG1CydeQI+BnM3vGog92SCcF9KtA==
  optionalDependencies:
    "@ffprobe-installer/darwin-arm64" "5.0.1"
    "@ffprobe-installer/darwin-x64" "5.0.0"
    "@ffprobe-installer/linux-arm" "5.0.0"
    "@ffprobe-installer/linux-arm64" "5.0.0"
    "@ffprobe-installer/linux-ia32" "5.0.0"
    "@ffprobe-installer/linux-x64" "5.0.0"
    "@ffprobe-installer/win32-ia32" "5.0.0"
    "@ffprobe-installer/win32-x64" "5.0.0"

"@ffprobe-installer/linux-arm64@5.0.0":
  version "5.0.0"
  resolved "https://registry.yarnpkg.com/@ffprobe-installer/linux-arm64/-/linux-arm64-5.0.0.tgz#8e50c2ac0fa9f1ccaf553114c09cc9d2f9571de2"
  integrity sha512-IwFbzhe1UydR849YXLPP0RMpHgHXSuPO1kznaCHcU5FscFBV5gOZLkdD8e/xrcC8g/nhKqy0xMjn5kv6KkFQlQ==

"@ffprobe-installer/linux-arm@5.0.0":
  version "5.0.0"
  resolved "https://registry.yarnpkg.com/@ffprobe-installer/linux-arm/-/linux-arm-5.0.0.tgz#0a67b1610284e4be115da1656f150abc4706fe08"
  integrity sha512-mM1PPxP2UX5SUvhy0urcj5U8UolwbYgmnXA/eBWbW78k6N2Wk1COvcHYzOPs6c5yXXL6oshS2rZHU1kowigw7g==

"@ffprobe-installer/linux-ia32@5.0.0":
  version "5.0.0"
  resolved "https://registry.yarnpkg.com/@ffprobe-installer/linux-ia32/-/linux-ia32-5.0.0.tgz#38714de93ce3842887e51a8b0c9dab3297777dbb"
  integrity sha512-c3bWlWEDMST59SAZycVh0oyc2eNS/CxxeRjoNryGRgqcZX3EJWJJQL1rAXbpQOMLMi8to1RqnmMuwPJgLLjjUA==

"@ffprobe-installer/linux-x64@5.0.0":
  version "5.0.0"
  resolved "https://registry.yarnpkg.com/@ffprobe-installer/linux-x64/-/linux-x64-5.0.0.tgz#dc51a99acf74675035c02f59c4d73270ba3742f7"
  integrity sha512-zgLnWJFvMGCaw1txGtz84sMEQt6mQUzdw86ih9S/kZOWnp06Gj/ams/EXxEkAxgAACCVM6/O0mkDe/6biY5tgA==

"@ffprobe-installer/win32-ia32@5.0.0":
  version "5.0.0"
  resolved "https://registry.yarnpkg.com/@ffprobe-installer/win32-ia32/-/win32-ia32-5.0.0.tgz#77f5cfba1aa91e47255562d23a07432b3e087bb1"
  integrity sha512-NnDdAZD6ShFXzJeCkAFl2ZjAv7GcJWYudLA+0T/vjZwvskBop+sq1PGfdmVltfFDcdQiomoThRhn9Xiy9ZC71g==

"@ffprobe-installer/win32-x64@5.0.0":
  version "5.0.0"
  resolved "https://registry.yarnpkg.com/@ffprobe-installer/win32-x64/-/win32-x64-5.0.0.tgz#8ed741260b7db346c7bfe77d2fd9acbe3bd70d2f"
  integrity sha512-P4ZMRFxVMnfMsOyTfBM/+nkTodLeOUfXNPo+X1bKEWBiZxRErqX/IHS5sLA0yAH8XmtKZcL7Cu6M26ztGcQYxw==

ansi-styles@^4.1.0:
  version "4.3.0"
  resolved "https://registry.yarnpkg.com/ansi-styles/-/ansi-styles-4.3.0.tgz#edd803628ae71c04c85ae7a0906edad34b648937"
  integrity sha512-zbB9rCJAT1rbjiVDb2hqKFHNYLxgtk8NURxZ3IZwD3F6NtxbXZQCnnSi1Lkx+IDohdPlFp222wVALIheZJQSEg==
  dependencies:
    color-convert "^2.0.1"

chalk@^4.1.2:
  version "4.1.2"
  resolved "https://registry.yarnpkg.com/chalk/-/chalk-4.1.2.tgz#aac4e2b7734a740867aeb16bf02aad556a1e7a01"
  integrity sha512-oKnbhFyRIXpUuez8iBMmyEa4nbj4IOQyuhc/wy9kY7/WVPcwIO9VA668Pu8RkO7+0G76SLROeyw9CpQ061i4mA==
  dependencies:
    ansi-styles "^4.1.0"
    supports-color "^7.1.0"

color-convert@^2.0.1:
  version "2.0.1"
  resolved "https://registry.yarnpkg.com/color-convert/-/color-convert-2.0.1.tgz#72d3a68d598c9bdb3af2ad1e84f21d896abd4de3"
  integrity sha512-RRECPsj7iu/xb5oKYcsFHSppFNnsj/52OVTRKb4zP5onXwVF3zVmmToNcOfGC+CRDpfK/U584fMg38ZHCaElKQ==
  dependencies:
    color-name "~1.1.4"

color-name@~1.1.4:
  version "1.1.4"
  resolved "https://registry.yarnpkg.com/color-name/-/color-name-1.1.4.tgz#c2a09a87acbde69543de6f63fa3995c826c536a2"
  integrity sha512-dOy+3AuW3a2wNbZHIuMZpTcgjGuLU/uBL/ubcZF9OXbDo8ff4O8yVp5Bf0efS8uEoYo5q4Fx7dY9OgQGXgAsQA==

has-flag@^4.0.0:
  version "4.0.0"
  resolved "https://registry.yarnpkg.com/has-flag/-/has-flag-4.0.0.tgz#944771fd9c81c81265c4d6941860da06bb59479b"
  integrity sha512-EykJT/Q1KjTWctppgIAgfSO0tKVuZUjhgMr17kqTumMl6Afv3EISleU7qZUzoXDFTAHTDC4NOoG/ZxU3EvlMPQ==

supports-color@^7.1.0:
  version "7.2.0"
  resolved "https://registry.yarnpkg.com/supports-color/-/supports-color-7.2.0.tgz#1b7dcdcb32b8138801b3e478ba6a51caa89648da"
  integrity sha512-qpCAvRl9stuOHveKsn7HncJRvv501qIacKzQlO/+Lwxc9+0q2wLyv4Dfvt80/DPn2pqOBsJdDiogXGR9+OvwRw==
  dependencies:
    has-flag "^4.0.0"

typescript@^4.7.4:
  version "4.7.4"
  resolved "https://registry.yarnpkg.com/typescript/-/typescript-4.7.4.tgz#1a88596d1cf47d59507a1bcdfb5b9dfe4d488235"
  integrity sha512-C0WQT0gezHuw6AdY1M2jxUO83Rjf0HP7Sk1DtXj6j1EwkQNZrHAg2XPWlq62oqEhYvONq5pkC2Y9oPljWToLmQ==
